
Microsoft Visual Studio Solution File, Format Version 11.00
# Visual Studio 2010
Project("{FAE04EC0-301F-11D3-BF4B-00C04F79EFBC}") = "Assembly-CSharp", "Assembly-CSharp.csproj", "{03D38F52-1A0C-B13D-9146-F2CFF9635BC6}"
EndProject
Project("{FAE04EC0-301F-11D3-BF4B-00C04F79EFBC}") = "Assembly-CSharp-Editor", "Assembly-CSharp-Editor.csproj", "{7D06ADBC-F48B-5B20-C8CB-452DD970F0FD}"
EndProject
Global
	GlobalSection(SolutionConfigurationPlatforms) = preSolution
		Debug|Any CPU = Debug|Any CPU
		Release|Any CPU = Release|Any CPU
	EndGlobalSection
	GlobalSection(ProjectConfigurationPlatforms) = postSolution
		{03D38F52-1A0C-B13D-9146-F2CFF9635BC6}.Debug|Any CPU.ActiveCfg = Debug|Any CPU
		{03D38F52-1A0C-B13D-9146-F2CFF9635BC6}.Debug|Any CPU.Build.0 = Debug|Any CPU
		{03D38F52-1A0C-B13D-9146-F2CFF9635BC6}.Release|Any CPU.ActiveCfg = Release|Any CPU
		{03D38F52-1A0C-B13D-9146-F2CFF9635BC6}.Release|Any CPU.Build.0 = Release|Any CPU
		{7D06ADBC-F48B-5B20-C8CB-452DD970F0FD}.Debug|Any CPU.ActiveCfg = Debug|Any CPU
		{7D06ADBC-F48B-5B20-C8CB-452DD970F0FD}.Debug|Any CPU.Build.0 = Debug|Any CPU
		{7D06ADBC-F48B-5B20-C8CB-452DD970F0FD}.Release|Any CPU.ActiveCfg = Release|Any CPU
		{7D06ADBC-F48B-5B20-C8CB-452DD970F0FD}.Release|Any CPU.Build.0 = Release|Any CPU
	EndGlobalSection
	GlobalSection(SolutionProperties) = preSolution
		HideSolutionNode = FALSE
	EndGlobalSection
EndGlobal
